
Microsoft Visual Studio Solution File, Format Version 12.00
# Visual Studio Version 17
VisualStudioVersion = 17.1.31911.260
MinimumVisualStudioVersion = 10.0.40219.1
Project("{FAE04EC0-301F-11D3-BF4B-00C04F79EFBC}") = "macAccess", "macAccess\macAccess.csproj", "{BA925FAD-3B76-4AFD-B11F-730E0EEADB54}"
EndProject
Global
	GlobalSection(SolutionConfigurationPlatforms) = preSolution
		Debug|Any CPU = Debug|Any CPU
		Release|Any CPU = Release|Any CPU
	EndGlobalSection
	GlobalSection(ProjectConfigurationPlatforms) = postSolution
		{BA925FAD-3B76-4AFD-B11F-730E0EEADB54}.Debug|Any CPU.ActiveCfg = Debug|Any CPU
		{BA925FAD-3B76-4AFD-B11F-730E0EEADB54}.Debug|Any CPU.Build.0 = Debug|Any CPU
		{BA925FAD-3B76-4AFD-B11F-730E0EEADB54}.Release|Any CPU.ActiveCfg = Release|Any CPU
		{BA925FAD-3B76-4AFD-B11F-730E0EEADB54}.Release|Any CPU.Build.0 = Release|Any CPU
	EndGlobalSection
	GlobalSection(SolutionProperties) = preSolution
		HideSolutionNode = FALSE
	EndGlobalSection
	GlobalSection(ExtensibilityGlobals) = postSolution
		SolutionGuid = {69A3847C-4C11-48B3-A7CD-1641FFA77828}
	EndGlobalSection
EndGlobal
